
Microsoft Visual Studio Solution File, Format Version 12.00
# Visual Studio Version 17
VisualStudioVersion = 17.3.32804.467
MinimumVisualStudioVersion = 10.0.40219.1
Project("{FAE04EC0-301F-11D3-BF4B-00C04F79EFBC}") = "App.Android", "App\App.Android\App.Android.csproj", "{E4BA7289-9448-4B78-826E-4038C92F1782}"
EndProject
Project("{FAE04EC0-301F-11D3-BF4B-00C04F79EFBC}") = "App.iOS", "App\App.iOS\App.iOS.csproj", "{6C183D2F-03BC-408A-8C69-BC63E6039AC4}"
EndProject
Project("{FAE04EC0-301F-11D3-BF4B-00C04F79EFBC}") = "App", "App\App\App.csproj", "{A801EB31-5E1E-4D8B-B6F1-C5CFF2BAE675}"
EndProject
Global
	GlobalSection(SolutionConfigurationPlatforms) = preSolution
		Debug|Any CPU = Debug|Any CPU
		Debug|iPhone = Debug|iPhone
		Debug|iPhoneSimulator = Debug|iPhoneSimulator
		Release|Any CPU = Release|Any CPU
		Release|iPhone = Release|iPhone
		Release|iPhoneSimulator = Release|iPhoneSimulator
	EndGlobalSection
	GlobalSection(ProjectConfigurationPlatforms) = postSolution
		{E4BA7289-9448-4B78-826E-4038C92F1782}.Debug|Any CPU.ActiveCfg = Debug|Any CPU
		{E4BA7289-9448-4B78-826E-4038C92F1782}.Debug|Any CPU.Build.0 = Debug|Any CPU
		{E4BA7289-9448-4B78-826E-4038C92F1782}.Debug|Any CPU.Deploy.0 = Debug|Any CPU
		{E4BA7289-9448-4B78-826E-4038C92F1782}.Debug|iPhone.ActiveCfg = Debug|Any CPU
		{E4BA7289-9448-4B78-826E-4038C92F1782}.Debug|iPhone.Build.0 = Debug|Any CPU
		{E4BA7289-9448-4B78-826E-4038C92F1782}.Debug|iPhone.Deploy.0 = Debug|Any CPU
		{E4BA7289-9448-4B78-826E-4038C92F1782}.Debug|iPhoneSimulator.ActiveCfg = Debug|Any CPU
		{E4BA7289-9448-4B78-826E-4038C92F1782}.Debug|iPhoneSimulator.Build.0 = Debug|Any CPU
		{E4BA7289-9448-4B78-826E-4038C92F1782}.Debug|iPhoneSimulator.Deploy.0 = Debug|Any CPU
		{E4BA7289-9448-4B78-826E-4038C92F1782}.Release|Any CPU.ActiveCfg = Release|Any CPU
		{E4BA7289-9448-4B78-826E-4038C92F1782}.Release|Any CPU.Build.0 = Release|Any CPU
		{E4BA7289-9448-4B78-826E-4038C92F1782}.Release|Any CPU.Deploy.0 = Release|Any CPU
		{E4BA7289-9448-4B78-826E-4038C92F1782}.Release|iPhone.ActiveCfg = Release|Any CPU
		{E4BA7289-9448-4B78-826E-4038C92F1782}.Release|iPhone.Build.0 = Release|Any CPU
		{E4BA7289-9448-4B78-826E-4038C92F1782}.Release|iPhone.Deploy.0 = Release|Any CPU
		{E4BA7289-9448-4B78-826E-4038C92F1782}.Release|iPhoneSimulator.ActiveCfg = Release|Any CPU
		{E4BA7289-9448-4B78-826E-4038C92F1782}.Release|iPhoneSimulator.Build.0 = Release|Any CPU
		{E4BA7289-9448-4B78-826E-4038C92F1782}.Release|iPhoneSimulator.Deploy.0 = Release|Any CPU
		{6C183D2F-03BC-408A-8C69-BC63E6039AC4}.Debug|Any CPU.ActiveCfg = Debug|iPhone
		{6C183D2F-03BC-408A-8C69-BC63E6039AC4}.Debug|Any CPU.Build.0 = Debug|iPhone
		{6C183D2F-03BC-408A-8C69-BC63E6039AC4}.Debug|Any CPU.Deploy.0 = Debug|iPhone
		{6C183D2F-03BC-408A-8C69-BC63E6039AC4}.Debug|iPhone.ActiveCfg = Debug|iPhone
		{6C183D2F-03BC-408A-8C69-BC63E6039AC4}.Debug|iPhone.Build.0 = Debug|iPhone
		{6C183D2F-03BC-408A-8C69-BC63E6039AC4}.Debug|iPhone.Deploy.0 = Debug|iPhone
		{6C183D2F-03BC-408A-8C69-BC63E6039AC4}.Debug|iPhoneSimulator.ActiveCfg = Debug|iPhoneSimulator
		{6C183D2F-03BC-408A-8C69-BC63E6039AC4}.Debug|iPhoneSimulator.Build.0 = Debug|iPhoneSimulator
		{6C183D2F-03BC-408A-8C69-BC63E6039AC4}.Debug|iPhoneSimulator.Deploy.0 = Debug|iPhoneSimulator
		{6C183D2F-03BC-408A-8C69-BC63E6039AC4}.Release|Any CPU.ActiveCfg = Release|iPhoneSimulator
		{6C183D2F-03BC-408A-8C69-BC63E6039AC4}.Release|Any CPU.Build.0 = Release|iPhoneSimulator
		{6C183D2F-03BC-408A-8C69-BC63E6039AC4}.Release|Any CPU.Deploy.0 = Release|iPhoneSimulator
		{6C183D2F-03BC-408A-8C69-BC63E6039AC4}.Release|iPhone.ActiveCfg = Release|iPhone
		{6C183D2F-03BC-408A-8C69-BC63E6039AC4}.Release|iPhone.Build.0 = Release|iPhone
		{6C183D2F-03BC-408A-8C69-BC63E6039AC4}.Release|iPhone.Deploy.0 = Release|iPhone
		{6C183D2F-03BC-408A-8C69-BC63E6039AC4}.Release|iPhoneSimulator.ActiveCfg = Release|iPhoneSimulator
		{6C183D2F-03BC-408A-8C69-BC63E6039AC4}.Release|iPhoneSimulator.Build.0 = Release|iPhoneSimulator
		{6C183D2F-03BC-408A-8C69-BC63E6039AC4}.Release|iPhoneSimulator.Deploy.0 = Release|iPhoneSimulator
		{A801EB31-5E1E-4D8B-B6F1-C5CFF2BAE675}.Debug|Any CPU.ActiveCfg = Debug|Any CPU
		{A801EB31-5E1E-4D8B-B6F1-C5CFF2BAE675}.Debug|Any CPU.Build.0 = Debug|Any CPU
		{A801EB31-5E1E-4D8B-B6F1-C5CFF2BAE675}.Debug|Any CPU.Deploy.0 = Debug|Any CPU
		{A801EB31-5E1E-4D8B-B6F1-C5CFF2BAE675}.Debug|iPhone.ActiveCfg = Debug|Any CPU
		{A801EB31-5E1E-4D8B-B6F1-C5CFF2BAE675}.Debug|iPhone.Build.0 = Debug|Any CPU
		{A801EB31-5E1E-4D8B-B6F1-C5CFF2BAE675}.Debug|iPhone.Deploy.0 = Debug|Any CPU
		{A801EB31-5E1E-4D8B-B6F1-C5CFF2BAE675}.Debug|iPhoneSimulator.ActiveCfg = Debug|Any CPU
		{A801EB31-5E1E-4D8B-B6F1-C5CFF2BAE675}.Debug|iPhoneSimulator.Build.0 = Debug|Any CPU
		{A801EB31-5E1E-4D8B-B6F1-C5CFF2BAE675}.Debug|iPhoneSimulator.Deploy.0 = Debug|Any CPU
		{A801EB31-5E1E-4D8B-B6F1-C5CFF2BAE675}.Release|Any CPU.ActiveCfg = Release|Any CPU
		{A801EB31-5E1E-4D8B-B6F1-C5CFF2BAE675}.Release|Any CPU.Build.0 = Release|Any CPU
		{A801EB31-5E1E-4D8B-B6F1-C5CFF2BAE675}.Release|Any CPU.Deploy.0 = Release|Any CPU
		{A801EB31-5E1E-4D8B-B6F1-C5CFF2BAE675}.Release|iPhone.ActiveCfg = Release|Any CPU
		{A801EB31-5E1E-4D8B-B6F1-C5CFF2BAE675}.Release|iPhone.Build.0 = Release|Any CPU
		{A801EB31-5E1E-4D8B-B6F1-C5CFF2BAE675}.Release|iPhone.Deploy.0 = Release|Any CPU
		{A801EB31-5E1E-4D8B-B6F1-C5CFF2BAE675}.Release|iPhoneSimulator.ActiveCfg = Release|Any CPU
		{A801EB31-5E1E-4D8B-B6F1-C5CFF2BAE675}.Release|iPhoneSimulator.Build.0 = Release|Any CPU
		{A801EB31-5E1E-4D8B-B6F1-C5CFF2BAE675}.Release|iPhoneSimulator.Deploy.0 = Release|Any CPU
	EndGlobalSection
	GlobalSection(SolutionProperties) = preSolution
		HideSolutionNode = FALSE
	EndGlobalSection
	GlobalSection(ExtensibilityGlobals) = postSolution
		SolutionGuid = {284D7C9F-B05E-45B3-A7FA-500FC1D681B4}
	EndGlobalSection
EndGlobal
